
Microsoft Visual Studio Solution File, Format Version 12.00
# Visual Studio Version 16
VisualStudioVersion = 16.0.35325.158
MinimumVisualStudioVersion = 10.0.40219.1
Project("{FAE04EC0-301F-11D3-BF4B-00C04F79EFBC}") = "nnnnnnnnnnnnnnnn.Android", "nnnnnnnnnnnnnnnn\nnnnnnnnnnnnnnnn.Android\nnnnnnnnnnnnnnnn.Android.csproj", "{4E5B2706-7910-4B27-9FC7-38C045C58D6C}"
EndProject
Project("{FAE04EC0-301F-11D3-BF4B-00C04F79EFBC}") = "nnnnnnnnnnnnnnnn", "nnnnnnnnnnnnnnnn\nnnnnnnnnnnnnnnn\nnnnnnnnnnnnnnnn.csproj", "{12CACE96-7EE9-48C9-AF68-4D871026258A}"
EndProject
Global
	GlobalSection(SolutionConfigurationPlatforms) = preSolution
		Debug|Any CPU = Debug|Any CPU
		Release|Any CPU = Release|Any CPU
	EndGlobalSection
	GlobalSection(ProjectConfigurationPlatforms) = postSolution
		{4E5B2706-7910-4B27-9FC7-38C045C58D6C}.Debug|Any CPU.ActiveCfg = Debug|Any CPU
		{4E5B2706-7910-4B27-9FC7-38C045C58D6C}.Debug|Any CPU.Build.0 = Debug|Any CPU
		{4E5B2706-7910-4B27-9FC7-38C045C58D6C}.Debug|Any CPU.Deploy.0 = Debug|Any CPU
		{4E5B2706-7910-4B27-9FC7-38C045C58D6C}.Release|Any CPU.ActiveCfg = Release|Any CPU
		{4E5B2706-7910-4B27-9FC7-38C045C58D6C}.Release|Any CPU.Build.0 = Release|Any CPU
		{4E5B2706-7910-4B27-9FC7-38C045C58D6C}.Release|Any CPU.Deploy.0 = Release|Any CPU
		{12CACE96-7EE9-48C9-AF68-4D871026258A}.Debug|Any CPU.ActiveCfg = Debug|Any CPU
		{12CACE96-7EE9-48C9-AF68-4D871026258A}.Debug|Any CPU.Build.0 = Debug|Any CPU
		{12CACE96-7EE9-48C9-AF68-4D871026258A}.Debug|Any CPU.Deploy.0 = Debug|Any CPU
		{12CACE96-7EE9-48C9-AF68-4D871026258A}.Release|Any CPU.ActiveCfg = Release|Any CPU
		{12CACE96-7EE9-48C9-AF68-4D871026258A}.Release|Any CPU.Build.0 = Release|Any CPU
		{12CACE96-7EE9-48C9-AF68-4D871026258A}.Release|Any CPU.Deploy.0 = Release|Any CPU
	EndGlobalSection
	GlobalSection(SolutionProperties) = preSolution
		HideSolutionNode = FALSE
	EndGlobalSection
	GlobalSection(ExtensibilityGlobals) = postSolution
		SolutionGuid = {7212B5C7-42AE-40EA-BB5A-68D0FF34C449}
	EndGlobalSection
EndGlobal
